
Microsoft Visual Studio Solution File, Format Version 12.00
# Visual Studio Version 17
VisualStudioVersion = 17.0.31903.59
MinimumVisualStudioVersion = 10.0.40219.1
Project("{FAE04EC0-301F-11D3-BF4B-00C04F79EFBC}") = "AuthModule", "AuthModule\AuthModule.csproj", "{84A097AE-C12F-47A5-92D1-1FE46113156C}"
EndProject
Project("{FAE04EC0-301F-11D3-BF4B-00C04F79EFBC}") = "AuthModule.Tests", "AuthModule.Tests\AuthModule.Tests.csproj", "{72CD9B0A-EE27-4A55-BC62-C26D82808EBC}"
EndProject
Global
	GlobalSection(SolutionConfigurationPlatforms) = preSolution
		Debug|Any CPU = Debug|Any CPU
		Debug|x64 = Debug|x64
		Debug|x86 = Debug|x86
		Release|Any CPU = Release|Any CPU
		Release|x64 = Release|x64
		Release|x86 = Release|x86
	EndGlobalSection
	GlobalSection(ProjectConfigurationPlatforms) = postSolution
		{84A097AE-C12F-47A5-92D1-1FE46113156C}.Debug|Any CPU.ActiveCfg = Debug|Any CPU
		{84A097AE-C12F-47A5-92D1-1FE46113156C}.Debug|Any CPU.Build.0 = Debug|Any CPU
		{84A097AE-C12F-47A5-92D1-1FE46113156C}.Debug|x64.ActiveCfg = Debug|Any CPU
		{84A097AE-C12F-47A5-92D1-1FE46113156C}.Debug|x64.Build.0 = Debug|Any CPU
		{84A097AE-C12F-47A5-92D1-1FE46113156C}.Debug|x86.ActiveCfg = Debug|Any CPU
		{84A097AE-C12F-47A5-92D1-1FE46113156C}.Debug|x86.Build.0 = Debug|Any CPU
		{84A097AE-C12F-47A5-92D1-1FE46113156C}.Release|Any CPU.ActiveCfg = Release|Any CPU
		{84A097AE-C12F-47A5-92D1-1FE46113156C}.Release|Any CPU.Build.0 = Release|Any CPU
		{84A097AE-C12F-47A5-92D1-1FE46113156C}.Release|x64.ActiveCfg = Release|Any CPU
		{84A097AE-C12F-47A5-92D1-1FE46113156C}.Release|x64.Build.0 = Release|Any CPU
		{84A097AE-C12F-47A5-92D1-1FE46113156C}.Release|x86.ActiveCfg = Release|Any CPU
		{84A097AE-C12F-47A5-92D1-1FE46113156C}.Release|x86.Build.0 = Release|Any CPU
		{72CD9B0A-EE27-4A55-BC62-C26D82808EBC}.Debug|Any CPU.ActiveCfg = Debug|Any CPU
		{72CD9B0A-EE27-4A55-BC62-C26D82808EBC}.Debug|Any CPU.Build.0 = Debug|Any CPU
		{72CD9B0A-EE27-4A55-BC62-C26D82808EBC}.Debug|x64.ActiveCfg = Debug|Any CPU
		{72CD9B0A-EE27-4A55-BC62-C26D82808EBC}.Debug|x64.Build.0 = Debug|Any CPU
		{72CD9B0A-EE27-4A55-BC62-C26D82808EBC}.Debug|x86.ActiveCfg = Debug|Any CPU
		{72CD9B0A-EE27-4A55-BC62-C26D82808EBC}.Debug|x86.Build.0 = Debug|Any CPU
		{72CD9B0A-EE27-4A55-BC62-C26D82808EBC}.Release|Any CPU.ActiveCfg = Release|Any CPU
		{72CD9B0A-EE27-4A55-BC62-C26D82808EBC}.Release|Any CPU.Build.0 = Release|Any CPU
		{72CD9B0A-EE27-4A55-BC62-C26D82808EBC}.Release|x64.ActiveCfg = Release|Any CPU
		{72CD9B0A-EE27-4A55-BC62-C26D82808EBC}.Release|x64.Build.0 = Release|Any CPU
		{72CD9B0A-EE27-4A55-BC62-C26D82808EBC}.Release|x86.ActiveCfg = Release|Any CPU
		{72CD9B0A-EE27-4A55-BC62-C26D82808EBC}.Release|x86.Build.0 = Release|Any CPU
	EndGlobalSection
	GlobalSection(SolutionProperties) = preSolution
		HideSolutionNode = FALSE
	EndGlobalSection
EndGlobal
